
Microsoft Visual Studio Solution File, Format Version 12.00
# Visual Studio Version 16
VisualStudioVersion = 16.0.29324.140
MinimumVisualStudioVersion = 10.0.40219.1
Project("{9A19103F-16F7-4668-BE54-9A1E7A4F7556}") = "ProductManagement.Web", "scr\Presentation\ProductManagement.Web\ProductManagement.Web.csproj", "{D211A66D-2363-4061-9033-D3559D2D340E}"
EndProject
Project("{2150E333-8FDC-42A3-9474-1A3956D46DE8}") = "Application", "Application", "{79FA17AC-010E-4A3E-9551-DD2B5FCC4D53}"
EndProject
Project("{2150E333-8FDC-42A3-9474-1A3956D46DE8}") = "School", "School", "{C792F390-5512-47CE-AE05-B8E9AD3B5971}"
EndProject
Project("{9A19103F-16F7-4668-BE54-9A1E7A4F7556}") = "PMS.School.Application", "scr\Services\School\PMS.School.Application\PMS.School.Application.csproj", "{F0FE022E-7303-40FE-9E28-24426AC23F8F}"
EndProject
Project("{9A19103F-16F7-4668-BE54-9A1E7A4F7556}") = "PMS.School.Domain", "scr\Services\School\PMS.School.Domain\PMS.School.Domain.csproj", "{F5AE6E42-E441-41A1-8DF2-87274D5B0496}"
EndProject
Project("{9A19103F-16F7-4668-BE54-9A1E7A4F7556}") = "PMS.School.Repository", "scr\Services\School\PMS.School.Repository\PMS.School.Repository.csproj", "{98DB3DA2-C749-4EE6-9D4E-ACACCA33D867}"
EndProject
Project("{2150E333-8FDC-42A3-9474-1A3956D46DE8}") = "Tools", "Tools", "{2C113F78-B255-48D8-B7A1-7F49D0D1B3FA}"
EndProject
Project("{9A19103F-16F7-4668-BE54-9A1E7A4F7556}") = "ProductManagement.Framework.Foundation", "scr\Tools\ProductManagement.Framework.Foundation\ProductManagement.Framework.Foundation.csproj", "{EB7D4F93-EF02-4FEC-ADD0-FE588549D9FA}"
EndProject
Project("{9A19103F-16F7-4668-BE54-9A1E7A4F7556}") = "ProductManagement.Framework.EntityFramework", "scr\Tools\ProductManagement.Framework.EntityFramework\ProductManagement.Framework.EntityFramework.csproj", "{C3904639-3E8D-470C-A306-7A26485A427F}"
EndProject
Project("{9A19103F-16F7-4668-BE54-9A1E7A4F7556}") = "ProductManagement.Framework.Ioc", "scr\Tools\ProductManagement.Framework.Ioc\ProductManagement.Framework.Ioc.csproj", "{14C28FF4-C431-47D5-A61E-631F13A810D1}"
EndProject
Project("{2150E333-8FDC-42A3-9474-1A3956D46DE8}") = "Infrastructure", "Infrastructure", "{3678A925-3E1F-4804-BBC5-B3583798C3AD}"
EndProject
Project("{9A19103F-16F7-4668-BE54-9A1E7A4F7556}") = "ProductManagement.Infrastructure", "scr\Infrastructure\ProductManagement.Infrastructure\ProductManagement.Infrastructure.csproj", "{DD6CB8CE-BEBD-4260-BEF4-AF97C75DCC65}"
EndProject
Project("{9A19103F-16F7-4668-BE54-9A1E7A4F7556}") = "ProductManagement.Tool.HttpRequest", "scr\Tools\ProductManagement.Tool.HttpRequest\ProductManagement.Tool.HttpRequest.csproj", "{A44D665A-7EFD-4BDC-A25D-DD0D1602FC1C}"
EndProject
Project("{2150E333-8FDC-42A3-9474-1A3956D46DE8}") = "CommentsManage", "CommentsManage", "{980BDF0C-C8C6-4E40-A9C1-B3627A1A605E}"
EndProject
Project("{2150E333-8FDC-42A3-9474-1A3956D46DE8}") = "UserManage", "UserManage", "{3DF127F5-6222-4604-8302-0FD77916E034}"
EndProject
Project("{9A19103F-16F7-4668-BE54-9A1E7A4F7556}") = "PMS.CommentsManage.Application", "scr\Services\CommentManage\PMS.CommentManage.Application\PMS.CommentsManage.Application.csproj", "{243A77B9-8892-4401-85B6-45C05CC0F712}"
EndProject
Project("{9A19103F-16F7-4668-BE54-9A1E7A4F7556}") = "PMS.CommentsManage.Domain", "scr\Services\CommentManage\PMS.CommentManage.Domain\PMS.CommentsManage.Domain.csproj", "{0BE08A8A-D8A9-4858-BEFF-B921FCEF26B3}"
EndProject
Project("{9A19103F-16F7-4668-BE54-9A1E7A4F7556}") = "PMS.CommentsManage.Repository", "scr\Services\CommentManage\PMS.CommentManage.Repository\PMS.CommentsManage.Repository.csproj", "{17A49EBD-94C7-4B08-8B31-BF2A879AC565}"
EndProject
Project("{9A19103F-16F7-4668-BE54-9A1E7A4F7556}") = "ProductManagement.Admin.Web", "scr\Presentation\ProductManagement.Admin.Web\ProductManagement.Admin.Web.csproj", "{B33BBF2D-DEE3-47F4-A001-B4F38BA357A6}"
EndProject
Project("{9A19103F-16F7-4668-BE54-9A1E7A4F7556}") = "PMS.UserManage.Application", "scr\Services\UserManage\PMS.UserManage.Application\PMS.UserManage.Application.csproj", "{2D3F048C-D406-4379-B1D5-752AD172A03E}"
EndProject
Project("{9A19103F-16F7-4668-BE54-9A1E7A4F7556}") = "PMS.UserManage.Domain", "scr\Services\UserManage\PMS.UserManage.Domain\PMS.UserManage.Domain.csproj", "{49027DE0-3DA2-4BF3-B2AF-89C9355C6202}"
EndProject
Project("{9A19103F-16F7-4668-BE54-9A1E7A4F7556}") = "PMS.UserManage.Repository", "scr\Services\UserManage\PMS.UserManage.Repository\PMS.UserManage.Repository.csproj", "{D76CF7A5-AF9F-440C-952C-35385833896C}"
EndProject
Project("{9A19103F-16F7-4668-BE54-9A1E7A4F7556}") = "ProductManagement.Framework.MSSQLAccessor", "scr\Tools\ProductManagement.Framework.MSSQLAccessor\src\ProductManagement.Framework.MSSQLAccessor.csproj", "{6A8E47B1-4350-470E-81D2-719AB4A81A26}"
EndProject
Project("{9A19103F-16F7-4668-BE54-9A1E7A4F7556}") = "ProductManagement.Framework.MSSQLAccessor.Plus", "scr\Tools\ProductManagement.Framework.MSSQLAccessor\ProductManagement.Framework.MSSQLAccessor.Plus\ProductManagement.Framework.MSSQLAccessor.Plus.csproj", "{36084680-AB2C-4014-A797-CA8027055947}"
EndProject
Project("{9A19103F-16F7-4668-BE54-9A1E7A4F7556}") = "ProductManagement.Framework.WeChat", "scr\Tools\ProductManagement.Framework.WeChat\ProductManagement.Framework.WeChat.csproj", "{7D6B5EC0-ECC1-4D26-89B3-2B9B1370F96B}"
EndProject
Project("{9A19103F-16F7-4668-BE54-9A1E7A4F7556}") = "PMS.School.Infrastructure", "scr\Services\School\PMS.School.Infrastructure\PMS.School.Infrastructure.csproj", "{E5193D6F-DE8B-4A77-893B-AF8AD927B5CB}"
EndProject
Project("{9A19103F-16F7-4668-BE54-9A1E7A4F7556}") = "ProductManagement.Framework.RabbitMQ", "scr\Tools\ProductManagement.Framework.RabbitMQ\src\ProductManagement.Framework.RabbitMQ\ProductManagement.Framework.RabbitMQ.csproj", "{687095B0-0B8D-4E3F-B58D-7871947F727E}"
EndProject
Project("{9A19103F-16F7-4668-BE54-9A1E7A4F7556}") = "ProductManagement.Framework.RabbitMQ.Di", "scr\Tools\ProductManagement.Framework.RabbitMQ\src\ProductManagement.Framework.RabbitMQ.Di\ProductManagement.Framework.RabbitMQ.Di.csproj", "{C3AA14A7-5073-4CAB-BE45-04BAE07D5769}"
EndProject
Project("{2150E333-8FDC-42A3-9474-1A3956D46DE8}") = "RabbitMQ", "RabbitMQ", "{6379AE68-BFB9-4B63-BF40-E7D94B582EE3}"
EndProject
Project("{9A19103F-16F7-4668-BE54-9A1E7A4F7556}") = "ProductManagement.Framework.Serialize.Json", "scr\Tools\ProductManagement.Framework.RabbitMQ\src\ProductManagement.Framework.Serialize.Json\ProductManagement.Framework.Serialize.Json.csproj", "{A87D0C16-58A2-417D-8A59-0B437EA6912E}"
EndProject
Project("{2150E333-8FDC-42A3-9474-1A3956D46DE8}") = "OperationPlateform", "OperationPlateform", "{91F31705-430D-4BD8-833F-CA864058E699}"
EndProject
Project("{9A19103F-16F7-4668-BE54-9A1E7A4F7556}") = "ProductManagement.API.Amap", "scr\Tools\ProductManagement.API.Amap\ProductManagement.API.Amap.csproj", "{C827EC9F-782B-4170-A75B-A3BD0900D013}"
EndProject
Project("{9A19103F-16F7-4668-BE54-9A1E7A4F7556}") = "ProductManagement.Framework.Cache.Redis", "scr\Tools\ProductManagement.Framework.Cache.Redis\src\ProductManagement.Framework.Cache.Redis.csproj", "{6672200A-3199-41D8-8E4E-A4C207356F93}"
EndProject
Project("{2150E333-8FDC-42A3-9474-1A3956D46DE8}") = "Redis", "Redis", "{07709955-8E3A-4D9D-A5AB-4D647C4BFD40}"
EndProject
Project("{9A19103F-16F7-4668-BE54-9A1E7A4F7556}") = "ProductManagement.Framework.Cache.RedisProfiler", "scr\Tools\ProductManagement.Framework.Cache.Redis\ProductManagement.Framework.Cache.RedisProfiler\ProductManagement.Framework.Cache.RedisProfiler.csproj", "{D034D277-FF96-4AF4-AC1D-D0A5DDBEA261}"
EndProject
Project("{2150E333-8FDC-42A3-9474-1A3956D46DE8}") = "Infrastructure", "Infrastructure", "{F566F588-FF1B-41AD-AA9F-2F705237DAA2}"
EndProject
Project("{9A19103F-16F7-4668-BE54-9A1E7A4F7556}") = "PMS.Infrastructure.Application", "scr\Services\Infrastructure\PMS.Infrastructure.Application\PMS.Infrastructure.Application.csproj", "{DB2B6480-56C6-44D8-8D66-E006BE83C20A}"
EndProject
Project("{9A19103F-16F7-4668-BE54-9A1E7A4F7556}") = "PMS.Infrastructure.Domain", "scr\Services\Infrastructure\PMS.Infrastructure.Domain\PMS.Infrastructure.Domain.csproj", "{DF574C4A-CC78-4311-9268-B8F5CDB62D93}"
EndProject
Project("{9A19103F-16F7-4668-BE54-9A1E7A4F7556}") = "PMS.Infrastructure.Repository", "scr\Services\Infrastructure\PMS.Infrastructure.Repository\PMS.Infrastructure.Repository.csproj", "{17400F24-1FAF-44E9-846A-F0F79142539C}"
EndProject
Project("{9A19103F-16F7-4668-BE54-9A1E7A4F7556}") = "PMS.OperationPlateform.Application", "scr\Services\OperationPlateform\PMS.OperationPlateform.Application\PMS.OperationPlateform.Application.csproj", "{0935EC7E-4AFE-41BA-912E-AEFB5D65451A}"
EndProject
Project("{9A19103F-16F7-4668-BE54-9A1E7A4F7556}") = "PMS.OperationPlateform.Domain", "scr\Services\OperationPlateform\PMS.OperationPlateform.Domain\PMS.OperationPlateform.Domain.csproj", "{2A4CF8B9-8B08-46BE-ACB1-37D93B83AF04}"
EndProject
Project("{9A19103F-16F7-4668-BE54-9A1E7A4F7556}") = "PMS.OperationPlateform.Repository", "scr\Services\OperationPlateform\PMS.OperationPlateform.Repository\PMS.OperationPlateform.Repository.csproj", "{F4EB1B5E-6EB1-4482-8AF6-C91A274B601C}"
EndProject
Project("{2150E333-8FDC-42A3-9474-1A3956D46DE8}") = "Dapper", "Dapper", "{129A31C2-F05B-4343-92C6-152BE1E1E9AB}"
EndProject
Project("{9A19103F-16F7-4668-BE54-9A1E7A4F7556}") = "ProductManagement.API.Http", "scr\Tools\ProductManagement.Http\ProductManagement.API.Http.csproj", "{245D8964-1E1A-43AF-9339-7B99CB02C7F5}"
EndProject
Project("{9A19103F-16F7-4668-BE54-9A1E7A4F7556}") = "ProductManagement.Tool.AutoMapper", "scr\Tools\ProductManagement.Tool.AutoMap\ProductManagement.Tool.AutoMapper.csproj", "{D9C871C0-93C1-45F2-A293-10AB70850CA0}"
EndProject
Project("{2150E333-8FDC-42A3-9474-1A3956D46DE8}") = "Search", "Search", "{07CCFE49-AFBB-4200-84E2-DB6385312797}"
EndProject
Project("{9A19103F-16F7-4668-BE54-9A1E7A4F7556}") = "iSchool.Data.API", "scr\Services\OperationPlateform\ISchool.Data.API\iSchool.Data.API.csproj", "{828B7641-68E9-4A4E-98EA-7F323D5523B3}"
EndProject
Project("{9A19103F-16F7-4668-BE54-9A1E7A4F7556}") = "PMS.Search.Elasticsearch", "scr\Services\Search\PMS.Search.Elasticsearch\PMS.Search.Elasticsearch.csproj", "{356869D5-6118-4D6B-915A-A401470DB776}"
EndProject
Project("{9A19103F-16F7-4668-BE54-9A1E7A4F7556}") = "PMS.Search.Domain", "scr\Services\Search\PMS.Search.Domain\PMS.Search.Domain.csproj", "{07D7E697-A5DB-46F6-B9A0-58E96708CA3B}"
EndProject
Project("{9A19103F-16F7-4668-BE54-9A1E7A4F7556}") = "PMS.Search.Application", "scr\Services\Search\PMS.Search.Application\PMS.Search.Application.csproj", "{7FFA22EF-B168-4B82-A8C8-3F08C5F2141E}"
EndProject
Project("{9A19103F-16F7-4668-BE54-9A1E7A4F7556}") = "ProductManagement.Framework.SearchAccessor", "scr\Tools\ProductManagement.Framework.SearchAccessor\ProductManagement.Framework.SearchAccessor.csproj", "{B89D4D2B-1E81-4FBD-A86A-B63B8A134A94}"
EndProject
Project("{2150E333-8FDC-42A3-9474-1A3956D46DE8}") = "AdminManage", "AdminManage", "{92989056-D5FD-4F06-84BE-CAC9D9A006F4}"
EndProject
Project("{9A19103F-16F7-4668-BE54-9A1E7A4F7556}") = "PMS.AdminManage.Application", "scr\Services\AdminManage\PMS.AdminManage.Application\PMS.AdminManage.Application.csproj", "{385731CE-423E-4F72-B66B-C53D4B0B5C01}"
EndProject
Project("{9A19103F-16F7-4668-BE54-9A1E7A4F7556}") = "PMS.AdminManage.Domain", "scr\Services\AdminManage\PMS.AdminManage.Domain\PMS.AdminManage.Domain.csproj", "{A9FFA7D0-16A7-4F37-83A6-49D31DF2791F}"
EndProject
Project("{9A19103F-16F7-4668-BE54-9A1E7A4F7556}") = "PMS.AdminManage.Repository", "scr\Services\AdminManage\PMS.AdminManage.Repository\PMS.AdminManage.Repository.csproj", "{849F46F9-826D-4314-9D3D-913FC77CF51A}"
EndProject
Project("{9A19103F-16F7-4668-BE54-9A1E7A4F7556}") = "iSchool.Internal.API", "scr\Services\OperationPlateform\iSchool.Internal.API\iSchool.Internal.API.csproj", "{5A1E864B-356C-4895-B41D-C58AD3C03824}"
EndProject
Project("{2150E333-8FDC-42A3-9474-1A3956D46DE8}") = "MongoDB", "MongoDB", "{CD975121-2A5C-487A-9DE0-87E7D531427F}"
EndProject
Project("{9A19103F-16F7-4668-BE54-9A1E7A4F7556}") = "ProductManagement.API.Aliyun", "scr\Tools\ProductManagement.API.Aliyun\ProductManagement.API.Aliyun.csproj", "{50B914F5-DABC-4123-B328-6BD801EB9F4D}"
EndProject
Project("{9A19103F-16F7-4668-BE54-9A1E7A4F7556}") = "ProductManagement.Framework.MongoDb", "scr\Tools\ProductManagement.Framework.MongoDb\ProductManagement.Framework.MongoDb.csproj", "{BF949F07-3FF4-4999-AE73-8C6CC819D9CD}"
EndProject
Project("{9A19103F-16F7-4668-BE54-9A1E7A4F7556}") = "PMS.OperationPlateform.Mongo", "scr\Services\OperationPlateform\PMS.OperationPlateform.Mongo\PMS.OperationPlateform.Mongo.csproj", "{753B74E1-E0A8-45EF-A371-69C8015CF276}"
EndProject
Project("{9A19103F-16F7-4668-BE54-9A1E7A4F7556}") = "ProductManagement.API.SMS", "scr\Tools\ProductManagement.API.SMS\ProductManagement.API.SMS.csproj", "{209B3B0A-46F0-4E7D-B93B-0A1130068E55}"
EndProject
Project("{9A19103F-16F7-4668-BE54-9A1E7A4F7556}") = "ProductManagement.UserCenter.TencentCommon", "scr\Tools\ProductManagement.UserCenter.Wx\ProductManagement.UserCenter.TencentCommon.csproj", "{8C970732-1B4E-4567-8E1D-89DE1F325CF6}"
EndProject
Project("{9A19103F-16F7-4668-BE54-9A1E7A4F7556}") = "ProductManagement.UserCenter.BaiduCommon", "scr\Tools\ProductManagement.UserCenter.BaiduCommon\ProductManagement.UserCenter.BaiduCommon.csproj", "{359074E4-D791-445D-BC8B-D4071165B824}"
EndProject
Project("{FAE04EC0-301F-11D3-BF4B-00C04F79EFBC}") = "ProductManagement.Tool.QRCoder", "scr\Tools\ProductManagement.Tool.QRCoder\ProductManagement.Tool.QRCoder.csproj", "{C888D24A-8590-4B2E-97BF-BB0825A41375}"
EndProject
Project("{FAE04EC0-301F-11D3-BF4B-00C04F79EFBC}") = "ProductManagement.Tool.WeChat", "scr\Tools\ProductManagement.Tool.WeChat\ProductManagement.Tool.WeChat.csproj", "{DCF8173B-B51A-4C07-957A-4C3C78272ED4}"
EndProject
Project("{FAE04EC0-301F-11D3-BF4B-00C04F79EFBC}") = "ProductManagement.Tool.Email", "scr\Tools\ProductManagement.Tool.Email\ProductManagement.Tool.Email.csproj", "{95F3AA52-522C-4D6C-B4E9-C4DA0CCD5287}"
EndProject
Project("{2150E333-8FDC-42A3-9474-1A3956D46DE8}") = "MqManage", "MqManage", "{815B4096-EF4C-4ED9-AC18-B934BD013D9F}"
EndProject
Project("{FAE04EC0-301F-11D3-BF4B-00C04F79EFBC}") = "PMS.RabbitMQ.Handle", "scr\Services\MqManage\PMS.RabbitMQ.Handle\PMS.RabbitMQ.Handle.csproj", "{74FB1A27-12BF-48E6-BB3D-5AAFF71C9C23}"
EndProject
Project("{FAE04EC0-301F-11D3-BF4B-00C04F79EFBC}") = "PMS.RabbitMQ.Message", "scr\Services\MqManage\PMS.RabbitMQ.Message\PMS.RabbitMQ.Message.csproj", "{F6D72168-0448-4F6C-B7A6-C8C5C6B6232C}"
EndProject
Project("{2150E333-8FDC-42A3-9474-1A3956D46DE8}") = "TopicCircle", "TopicCircle", "{8C5A8C88-A6F2-42E4-A3BA-4059C73B4DC2}"
EndProject
Project("{FAE04EC0-301F-11D3-BF4B-00C04F79EFBC}") = "PMS.TopicCircle.Application", "scr\Services\TopicCircle\PMS.TopicCircle.Application\PMS.TopicCircle.Application.csproj", "{9A12FC63-1F65-422A-81C8-B0C3E6A38E6D}"
EndProject
Project("{FAE04EC0-301F-11D3-BF4B-00C04F79EFBC}") = "PMS.TopicCircle.Domain", "scr\Services\TopicCircle\PMS.TopicCircle.Domain\PMS.TopicCircle.Domain.csproj", "{3605F9C8-677B-4E1A-88D8-ADD38FF8AB39}"
EndProject
Project("{FAE04EC0-301F-11D3-BF4B-00C04F79EFBC}") = "PMS.TopicCircle.Repository", "scr\Services\TopicCircle\PMS.TopicCircle.Repository\PMS.TopicCircle.Repository.csproj", "{88E345DE-2A42-410B-AAFD-783D8A8AE5C8}"
EndProject
Global
	GlobalSection(SolutionConfigurationPlatforms) = preSolution
		Debug|Any CPU = Debug|Any CPU
		Release|Any CPU = Release|Any CPU
	EndGlobalSection
	GlobalSection(ProjectConfigurationPlatforms) = postSolution
		{D211A66D-2363-4061-9033-D3559D2D340E}.Debug|Any CPU.ActiveCfg = Debug|Any CPU
		{D211A66D-2363-4061-9033-D3559D2D340E}.Debug|Any CPU.Build.0 = Debug|Any CPU
		{D211A66D-2363-4061-9033-D3559D2D340E}.Release|Any CPU.ActiveCfg = Release|Any CPU
		{D211A66D-2363-4061-9033-D3559D2D340E}.Release|Any CPU.Build.0 = Release|Any CPU
		{F0FE022E-7303-40FE-9E28-24426AC23F8F}.Debug|Any CPU.ActiveCfg = Debug|Any CPU
		{F0FE022E-7303-40FE-9E28-24426AC23F8F}.Debug|Any CPU.Build.0 = Debug|Any CPU
		{F0FE022E-7303-40FE-9E28-24426AC23F8F}.Release|Any CPU.ActiveCfg = Release|Any CPU
		{F0FE022E-7303-40FE-9E28-24426AC23F8F}.Release|Any CPU.Build.0 = Release|Any CPU
		{F5AE6E42-E441-41A1-8DF2-87274D5B0496}.Debug|Any CPU.ActiveCfg = Debug|Any CPU
		{F5AE6E42-E441-41A1-8DF2-87274D5B0496}.Debug|Any CPU.Build.0 = Debug|Any CPU
		{F5AE6E42-E441-41A1-8DF2-87274D5B0496}.Release|Any CPU.ActiveCfg = Release|Any CPU
		{F5AE6E42-E441-41A1-8DF2-87274D5B0496}.Release|Any CPU.Build.0 = Release|Any CPU
		{98DB3DA2-C749-4EE6-9D4E-ACACCA33D867}.Debug|Any CPU.ActiveCfg = Debug|Any CPU
		{98DB3DA2-C749-4EE6-9D4E-ACACCA33D867}.Debug|Any CPU.Build.0 = Debug|Any CPU
		{98DB3DA2-C749-4EE6-9D4E-ACACCA33D867}.Release|Any CPU.ActiveCfg = Release|Any CPU
		{98DB3DA2-C749-4EE6-9D4E-ACACCA33D867}.Release|Any CPU.Build.0 = Release|Any CPU
		{EB7D4F93-EF02-4FEC-ADD0-FE588549D9FA}.Debug|Any CPU.ActiveCfg = Debug|Any CPU
		{EB7D4F93-EF02-4FEC-ADD0-FE588549D9FA}.Debug|Any CPU.Build.0 = Debug|Any CPU
		{EB7D4F93-EF02-4FEC-ADD0-FE588549D9FA}.Release|Any CPU.ActiveCfg = Release|Any CPU
		{EB7D4F93-EF02-4FEC-ADD0-FE588549D9FA}.Release|Any CPU.Build.0 = Release|Any CPU
		{C3904639-3E8D-470C-A306-7A26485A427F}.Debug|Any CPU.ActiveCfg = Debug|Any CPU
		{C3904639-3E8D-470C-A306-7A26485A427F}.Debug|Any CPU.Build.0 = Debug|Any CPU
		{C3904639-3E8D-470C-A306-7A26485A427F}.Release|Any CPU.ActiveCfg = Release|Any CPU
		{C3904639-3E8D-470C-A306-7A26485A427F}.Release|Any CPU.Build.0 = Release|Any CPU
		{14C28FF4-C431-47D5-A61E-631F13A810D1}.Debug|Any CPU.ActiveCfg = Debug|Any CPU
		{14C28FF4-C431-47D5-A61E-631F13A810D1}.Debug|Any CPU.Build.0 = Debug|Any CPU
		{14C28FF4-C431-47D5-A61E-631F13A810D1}.Release|Any CPU.ActiveCfg = Release|Any CPU
		{14C28FF4-C431-47D5-A61E-631F13A810D1}.Release|Any CPU.Build.0 = Release|Any CPU
		{DD6CB8CE-BEBD-4260-BEF4-AF97C75DCC65}.Debug|Any CPU.ActiveCfg = Debug|Any CPU
		{DD6CB8CE-BEBD-4260-BEF4-AF97C75DCC65}.Debug|Any CPU.Build.0 = Debug|Any CPU
		{DD6CB8CE-BEBD-4260-BEF4-AF97C75DCC65}.Release|Any CPU.ActiveCfg = Release|Any CPU
		{DD6CB8CE-BEBD-4260-BEF4-AF97C75DCC65}.Release|Any CPU.Build.0 = Release|Any CPU
		{A44D665A-7EFD-4BDC-A25D-DD0D1602FC1C}.Debug|Any CPU.ActiveCfg = Debug|Any CPU
		{A44D665A-7EFD-4BDC-A25D-DD0D1602FC1C}.Debug|Any CPU.Build.0 = Debug|Any CPU
		{A44D665A-7EFD-4BDC-A25D-DD0D1602FC1C}.Release|Any CPU.ActiveCfg = Release|Any CPU
		{A44D665A-7EFD-4BDC-A25D-DD0D1602FC1C}.Release|Any CPU.Build.0 = Release|Any CPU
		{243A77B9-8892-4401-85B6-45C05CC0F712}.Debug|Any CPU.ActiveCfg = Debug|Any CPU
		{243A77B9-8892-4401-85B6-45C05CC0F712}.Debug|Any CPU.Build.0 = Debug|Any CPU
		{243A77B9-8892-4401-85B6-45C05CC0F712}.Release|Any CPU.ActiveCfg = Release|Any CPU
		{243A77B9-8892-4401-85B6-45C05CC0F712}.Release|Any CPU.Build.0 = Release|Any CPU
		{0BE08A8A-D8A9-4858-BEFF-B921FCEF26B3}.Debug|Any CPU.ActiveCfg = Debug|Any CPU
		{0BE08A8A-D8A9-4858-BEFF-B921FCEF26B3}.Debug|Any CPU.Build.0 = Debug|Any CPU
		{0BE08A8A-D8A9-4858-BEFF-B921FCEF26B3}.Release|Any CPU.ActiveCfg = Release|Any CPU
		{0BE08A8A-D8A9-4858-BEFF-B921FCEF26B3}.Release|Any CPU.Build.0 = Release|Any CPU
		{17A49EBD-94C7-4B08-8B31-BF2A879AC565}.Debug|Any CPU.ActiveCfg = Debug|Any CPU
		{17A49EBD-94C7-4B08-8B31-BF2A879AC565}.Debug|Any CPU.Build.0 = Debug|Any CPU
		{17A49EBD-94C7-4B08-8B31-BF2A879AC565}.Release|Any CPU.ActiveCfg = Release|Any CPU
		{17A49EBD-94C7-4B08-8B31-BF2A879AC565}.Release|Any CPU.Build.0 = Release|Any CPU
		{B33BBF2D-DEE3-47F4-A001-B4F38BA357A6}.Debug|Any CPU.ActiveCfg = Debug|Any CPU
		{B33BBF2D-DEE3-47F4-A001-B4F38BA357A6}.Debug|Any CPU.Build.0 = Debug|Any CPU
		{B33BBF2D-DEE3-47F4-A001-B4F38BA357A6}.Release|Any CPU.ActiveCfg = Release|Any CPU
		{B33BBF2D-DEE3-47F4-A001-B4F38BA357A6}.Release|Any CPU.Build.0 = Release|Any CPU
		{2D3F048C-D406-4379-B1D5-752AD172A03E}.Debug|Any CPU.ActiveCfg = Debug|Any CPU
		{2D3F048C-D406-4379-B1D5-752AD172A03E}.Debug|Any CPU.Build.0 = Debug|Any CPU
		{2D3F048C-D406-4379-B1D5-752AD172A03E}.Release|Any CPU.ActiveCfg = Release|Any CPU
		{2D3F048C-D406-4379-B1D5-752AD172A03E}.Release|Any CPU.Build.0 = Release|Any CPU
		{49027DE0-3DA2-4BF3-B2AF-89C9355C6202}.Debug|Any CPU.ActiveCfg = Debug|Any CPU
		{49027DE0-3DA2-4BF3-B2AF-89C9355C6202}.Debug|Any CPU.Build.0 = Debug|Any CPU
		{49027DE0-3DA2-4BF3-B2AF-89C9355C6202}.Release|Any CPU.ActiveCfg = Release|Any CPU
		{49027DE0-3DA2-4BF3-B2AF-89C9355C6202}.Release|Any CPU.Build.0 = Release|Any CPU
		{D76CF7A5-AF9F-440C-952C-35385833896C}.Debug|Any CPU.ActiveCfg = Debug|Any CPU
		{D76CF7A5-AF9F-440C-952C-35385833896C}.Debug|Any CPU.Build.0 = Debug|Any CPU
		{D76CF7A5-AF9F-440C-952C-35385833896C}.Release|Any CPU.ActiveCfg = Release|Any CPU
		{D76CF7A5-AF9F-440C-952C-35385833896C}.Release|Any CPU.Build.0 = Release|Any CPU
		{6A8E47B1-4350-470E-81D2-719AB4A81A26}.Debug|Any CPU.ActiveCfg = Debug|Any CPU
		{6A8E47B1-4350-470E-81D2-719AB4A81A26}.Debug|Any CPU.Build.0 = Debug|Any CPU
		{6A8E47B1-4350-470E-81D2-719AB4A81A26}.Release|Any CPU.ActiveCfg = Release|Any CPU
		{6A8E47B1-4350-470E-81D2-719AB4A81A26}.Release|Any CPU.Build.0 = Release|Any CPU
		{36084680-AB2C-4014-A797-CA8027055947}.Debug|Any CPU.ActiveCfg = Debug|Any CPU
		{36084680-AB2C-4014-A797-CA8027055947}.Debug|Any CPU.Build.0 = Debug|Any CPU
		{36084680-AB2C-4014-A797-CA8027055947}.Release|Any CPU.ActiveCfg = Release|Any CPU
		{36084680-AB2C-4014-A797-CA8027055947}.Release|Any CPU.Build.0 = Release|Any CPU
		{7D6B5EC0-ECC1-4D26-89B3-2B9B1370F96B}.Debug|Any CPU.ActiveCfg = Debug|Any CPU
		{7D6B5EC0-ECC1-4D26-89B3-2B9B1370F96B}.Debug|Any CPU.Build.0 = Debug|Any CPU
		{7D6B5EC0-ECC1-4D26-89B3-2B9B1370F96B}.Release|Any CPU.ActiveCfg = Release|Any CPU
		{7D6B5EC0-ECC1-4D26-89B3-2B9B1370F96B}.Release|Any CPU.Build.0 = Release|Any CPU
		{E5193D6F-DE8B-4A77-893B-AF8AD927B5CB}.Debug|Any CPU.ActiveCfg = Debug|Any CPU
		{E5193D6F-DE8B-4A77-893B-AF8AD927B5CB}.Debug|Any CPU.Build.0 = Debug|Any CPU
		{E5193D6F-DE8B-4A77-893B-AF8AD927B5CB}.Release|Any CPU.ActiveCfg = Release|Any CPU
		{E5193D6F-DE8B-4A77-893B-AF8AD927B5CB}.Release|Any CPU.Build.0 = Release|Any CPU
		{687095B0-0B8D-4E3F-B58D-7871947F727E}.Debug|Any CPU.ActiveCfg = Debug|Any CPU
		{687095B0-0B8D-4E3F-B58D-7871947F727E}.Debug|Any CPU.Build.0 = Debug|Any CPU
		{687095B0-0B8D-4E3F-B58D-7871947F727E}.Release|Any CPU.ActiveCfg = Release|Any CPU
		{687095B0-0B8D-4E3F-B58D-7871947F727E}.Release|Any CPU.Build.0 = Release|Any CPU
		{C3AA14A7-5073-4CAB-BE45-04BAE07D5769}.Debug|Any CPU.ActiveCfg = Debug|Any CPU
		{C3AA14A7-5073-4CAB-BE45-04BAE07D5769}.Debug|Any CPU.Build.0 = Debug|Any CPU
		{C3AA14A7-5073-4CAB-BE45-04BAE07D5769}.Release|Any CPU.ActiveCfg = Release|Any CPU
		{C3AA14A7-5073-4CAB-BE45-04BAE07D5769}.Release|Any CPU.Build.0 = Release|Any CPU
		{A87D0C16-58A2-417D-8A59-0B437EA6912E}.Debug|Any CPU.ActiveCfg = Debug|Any CPU
		{A87D0C16-58A2-417D-8A59-0B437EA6912E}.Debug|Any CPU.Build.0 = Debug|Any CPU
		{A87D0C16-58A2-417D-8A59-0B437EA6912E}.Release|Any CPU.ActiveCfg = Release|Any CPU
		{A87D0C16-58A2-417D-8A59-0B437EA6912E}.Release|Any CPU.Build.0 = Release|Any CPU
		{C827EC9F-782B-4170-A75B-A3BD0900D013}.Debug|Any CPU.ActiveCfg = Debug|Any CPU
		{C827EC9F-782B-4170-A75B-A3BD0900D013}.Debug|Any CPU.Build.0 = Debug|Any CPU
		{C827EC9F-782B-4170-A75B-A3BD0900D013}.Release|Any CPU.ActiveCfg = Release|Any CPU
		{C827EC9F-782B-4170-A75B-A3BD0900D013}.Release|Any CPU.Build.0 = Release|Any CPU
		{6672200A-3199-41D8-8E4E-A4C207356F93}.Debug|Any CPU.ActiveCfg = Debug|Any CPU
		{6672200A-3199-41D8-8E4E-A4C207356F93}.Debug|Any CPU.Build.0 = Debug|Any CPU
		{6672200A-3199-41D8-8E4E-A4C207356F93}.Release|Any CPU.ActiveCfg = Release|Any CPU
		{6672200A-3199-41D8-8E4E-A4C207356F93}.Release|Any CPU.Build.0 = Release|Any CPU
		{D034D277-FF96-4AF4-AC1D-D0A5DDBEA261}.Debug|Any CPU.ActiveCfg = Debug|Any CPU
		{D034D277-FF96-4AF4-AC1D-D0A5DDBEA261}.Debug|Any CPU.Build.0 = Debug|Any CPU
		{D034D277-FF96-4AF4-AC1D-D0A5DDBEA261}.Release|Any CPU.ActiveCfg = Release|Any CPU
		{D034D277-FF96-4AF4-AC1D-D0A5DDBEA261}.Release|Any CPU.Build.0 = Release|Any CPU
		{DB2B6480-56C6-44D8-8D66-E006BE83C20A}.Debug|Any CPU.ActiveCfg = Debug|Any CPU
		{DB2B6480-56C6-44D8-8D66-E006BE83C20A}.Debug|Any CPU.Build.0 = Debug|Any CPU
		{DB2B6480-56C6-44D8-8D66-E006BE83C20A}.Release|Any CPU.ActiveCfg = Release|Any CPU
		{DB2B6480-56C6-44D8-8D66-E006BE83C20A}.Release|Any CPU.Build.0 = Release|Any CPU
		{DF574C4A-CC78-4311-9268-B8F5CDB62D93}.Debug|Any CPU.ActiveCfg = Debug|Any CPU
		{DF574C4A-CC78-4311-9268-B8F5CDB62D93}.Debug|Any CPU.Build.0 = Debug|Any CPU
		{DF574C4A-CC78-4311-9268-B8F5CDB62D93}.Release|Any CPU.ActiveCfg = Release|Any CPU
		{DF574C4A-CC78-4311-9268-B8F5CDB62D93}.Release|Any CPU.Build.0 = Release|Any CPU
		{17400F24-1FAF-44E9-846A-F0F79142539C}.Debug|Any CPU.ActiveCfg = Debug|Any CPU
		{17400F24-1FAF-44E9-846A-F0F79142539C}.Debug|Any CPU.Build.0 = Debug|Any CPU
		{17400F24-1FAF-44E9-846A-F0F79142539C}.Release|Any CPU.ActiveCfg = Release|Any CPU
		{17400F24-1FAF-44E9-846A-F0F79142539C}.Release|Any CPU.Build.0 = Release|Any CPU
		{0935EC7E-4AFE-41BA-912E-AEFB5D65451A}.Debug|Any CPU.ActiveCfg = Debug|Any CPU
		{0935EC7E-4AFE-41BA-912E-AEFB5D65451A}.Debug|Any CPU.Build.0 = Debug|Any CPU
		{0935EC7E-4AFE-41BA-912E-AEFB5D65451A}.Release|Any CPU.ActiveCfg = Release|Any CPU
		{0935EC7E-4AFE-41BA-912E-AEFB5D65451A}.Release|Any CPU.Build.0 = Release|Any CPU
		{2A4CF8B9-8B08-46BE-ACB1-37D93B83AF04}.Debug|Any CPU.ActiveCfg = Debug|Any CPU
		{2A4CF8B9-8B08-46BE-ACB1-37D93B83AF04}.Debug|Any CPU.Build.0 = Debug|Any CPU
		{2A4CF8B9-8B08-46BE-ACB1-37D93B83AF04}.Release|Any CPU.ActiveCfg = Release|Any CPU
		{2A4CF8B9-8B08-46BE-ACB1-37D93B83AF04}.Release|Any CPU.Build.0 = Release|Any CPU
		{F4EB1B5E-6EB1-4482-8AF6-C91A274B601C}.Debug|Any CPU.ActiveCfg = Debug|Any CPU
		{F4EB1B5E-6EB1-4482-8AF6-C91A274B601C}.Debug|Any CPU.Build.0 = Debug|Any CPU
		{F4EB1B5E-6EB1-4482-8AF6-C91A274B601C}.Release|Any CPU.ActiveCfg = Release|Any CPU
		{F4EB1B5E-6EB1-4482-8AF6-C91A274B601C}.Release|Any CPU.Build.0 = Release|Any CPU
		{245D8964-1E1A-43AF-9339-7B99CB02C7F5}.Debug|Any CPU.ActiveCfg = Debug|Any CPU
		{245D8964-1E1A-43AF-9339-7B99CB02C7F5}.Debug|Any CPU.Build.0 = Debug|Any CPU
		{245D8964-1E1A-43AF-9339-7B99CB02C7F5}.Release|Any CPU.ActiveCfg = Release|Any CPU
		{245D8964-1E1A-43AF-9339-7B99CB02C7F5}.Release|Any CPU.Build.0 = Release|Any CPU
		{D9C871C0-93C1-45F2-A293-10AB70850CA0}.Debug|Any CPU.ActiveCfg = Debug|Any CPU
		{D9C871C0-93C1-45F2-A293-10AB70850CA0}.Debug|Any CPU.Build.0 = Debug|Any CPU
		{D9C871C0-93C1-45F2-A293-10AB70850CA0}.Release|Any CPU.ActiveCfg = Release|Any CPU
		{D9C871C0-93C1-45F2-A293-10AB70850CA0}.Release|Any CPU.Build.0 = Release|Any CPU
		{828B7641-68E9-4A4E-98EA-7F323D5523B3}.Debug|Any CPU.ActiveCfg = Debug|Any CPU
		{828B7641-68E9-4A4E-98EA-7F323D5523B3}.Debug|Any CPU.Build.0 = Debug|Any CPU
		{828B7641-68E9-4A4E-98EA-7F323D5523B3}.Release|Any CPU.ActiveCfg = Release|Any CPU
		{828B7641-68E9-4A4E-98EA-7F323D5523B3}.Release|Any CPU.Build.0 = Release|Any CPU
		{356869D5-6118-4D6B-915A-A401470DB776}.Debug|Any CPU.ActiveCfg = Debug|Any CPU
		{356869D5-6118-4D6B-915A-A401470DB776}.Debug|Any CPU.Build.0 = Debug|Any CPU
		{356869D5-6118-4D6B-915A-A401470DB776}.Release|Any CPU.ActiveCfg = Release|Any CPU
		{356869D5-6118-4D6B-915A-A401470DB776}.Release|Any CPU.Build.0 = Release|Any CPU
		{07D7E697-A5DB-46F6-B9A0-58E96708CA3B}.Debug|Any CPU.ActiveCfg = Debug|Any CPU
		{07D7E697-A5DB-46F6-B9A0-58E96708CA3B}.Debug|Any CPU.Build.0 = Debug|Any CPU
		{07D7E697-A5DB-46F6-B9A0-58E96708CA3B}.Release|Any CPU.ActiveCfg = Release|Any CPU
		{07D7E697-A5DB-46F6-B9A0-58E96708CA3B}.Release|Any CPU.Build.0 = Release|Any CPU
		{7FFA22EF-B168-4B82-A8C8-3F08C5F2141E}.Debug|Any CPU.ActiveCfg = Debug|Any CPU
		{7FFA22EF-B168-4B82-A8C8-3F08C5F2141E}.Debug|Any CPU.Build.0 = Debug|Any CPU
		{7FFA22EF-B168-4B82-A8C8-3F08C5F2141E}.Release|Any CPU.ActiveCfg = Release|Any CPU
		{7FFA22EF-B168-4B82-A8C8-3F08C5F2141E}.Release|Any CPU.Build.0 = Release|Any CPU
		{B89D4D2B-1E81-4FBD-A86A-B63B8A134A94}.Debug|Any CPU.ActiveCfg = Debug|Any CPU
		{B89D4D2B-1E81-4FBD-A86A-B63B8A134A94}.Debug|Any CPU.Build.0 = Debug|Any CPU
		{B89D4D2B-1E81-4FBD-A86A-B63B8A134A94}.Release|Any CPU.ActiveCfg = Release|Any CPU
		{B89D4D2B-1E81-4FBD-A86A-B63B8A134A94}.Release|Any CPU.Build.0 = Release|Any CPU
		{385731CE-423E-4F72-B66B-C53D4B0B5C01}.Debug|Any CPU.ActiveCfg = Debug|Any CPU
		{385731CE-423E-4F72-B66B-C53D4B0B5C01}.Debug|Any CPU.Build.0 = Debug|Any CPU
		{385731CE-423E-4F72-B66B-C53D4B0B5C01}.Release|Any CPU.ActiveCfg = Release|Any CPU
		{385731CE-423E-4F72-B66B-C53D4B0B5C01}.Release|Any CPU.Build.0 = Release|Any CPU
		{A9FFA7D0-16A7-4F37-83A6-49D31DF2791F}.Debug|Any CPU.ActiveCfg = Debug|Any CPU
		{A9FFA7D0-16A7-4F37-83A6-49D31DF2791F}.Debug|Any CPU.Build.0 = Debug|Any CPU
		{A9FFA7D0-16A7-4F37-83A6-49D31DF2791F}.Release|Any CPU.ActiveCfg = Release|Any CPU
		{A9FFA7D0-16A7-4F37-83A6-49D31DF2791F}.Release|Any CPU.Build.0 = Release|Any CPU
		{849F46F9-826D-4314-9D3D-913FC77CF51A}.Debug|Any CPU.ActiveCfg = Debug|Any CPU
		{849F46F9-826D-4314-9D3D-913FC77CF51A}.Debug|Any CPU.Build.0 = Debug|Any CPU
		{849F46F9-826D-4314-9D3D-913FC77CF51A}.Release|Any CPU.ActiveCfg = Release|Any CPU
		{849F46F9-826D-4314-9D3D-913FC77CF51A}.Release|Any CPU.Build.0 = Release|Any CPU
		{5A1E864B-356C-4895-B41D-C58AD3C03824}.Debug|Any CPU.ActiveCfg = Debug|Any CPU
		{5A1E864B-356C-4895-B41D-C58AD3C03824}.Debug|Any CPU.Build.0 = Debug|Any CPU
		{5A1E864B-356C-4895-B41D-C58AD3C03824}.Release|Any CPU.ActiveCfg = Release|Any CPU
		{5A1E864B-356C-4895-B41D-C58AD3C03824}.Release|Any CPU.Build.0 = Release|Any CPU
		{50B914F5-DABC-4123-B328-6BD801EB9F4D}.Debug|Any CPU.ActiveCfg = Debug|Any CPU
		{50B914F5-DABC-4123-B328-6BD801EB9F4D}.Debug|Any CPU.Build.0 = Debug|Any CPU
		{50B914F5-DABC-4123-B328-6BD801EB9F4D}.Release|Any CPU.ActiveCfg = Release|Any CPU
		{50B914F5-DABC-4123-B328-6BD801EB9F4D}.Release|Any CPU.Build.0 = Release|Any CPU
		{BF949F07-3FF4-4999-AE73-8C6CC819D9CD}.Debug|Any CPU.ActiveCfg = Debug|Any CPU
		{BF949F07-3FF4-4999-AE73-8C6CC819D9CD}.Debug|Any CPU.Build.0 = Debug|Any CPU
		{BF949F07-3FF4-4999-AE73-8C6CC819D9CD}.Release|Any CPU.ActiveCfg = Release|Any CPU
		{BF949F07-3FF4-4999-AE73-8C6CC819D9CD}.Release|Any CPU.Build.0 = Release|Any CPU
		{753B74E1-E0A8-45EF-A371-69C8015CF276}.Debug|Any CPU.ActiveCfg = Debug|Any CPU
		{753B74E1-E0A8-45EF-A371-69C8015CF276}.Debug|Any CPU.Build.0 = Debug|Any CPU
		{753B74E1-E0A8-45EF-A371-69C8015CF276}.Release|Any CPU.ActiveCfg = Release|Any CPU
		{753B74E1-E0A8-45EF-A371-69C8015CF276}.Release|Any CPU.Build.0 = Release|Any CPU
		{209B3B0A-46F0-4E7D-B93B-0A1130068E55}.Debug|Any CPU.ActiveCfg = Debug|Any CPU
		{209B3B0A-46F0-4E7D-B93B-0A1130068E55}.Debug|Any CPU.Build.0 = Debug|Any CPU
		{209B3B0A-46F0-4E7D-B93B-0A1130068E55}.Release|Any CPU.ActiveCfg = Release|Any CPU
		{209B3B0A-46F0-4E7D-B93B-0A1130068E55}.Release|Any CPU.Build.0 = Release|Any CPU
		{8C970732-1B4E-4567-8E1D-89DE1F325CF6}.Debug|Any CPU.ActiveCfg = Debug|Any CPU
		{8C970732-1B4E-4567-8E1D-89DE1F325CF6}.Debug|Any CPU.Build.0 = Debug|Any CPU
		{8C970732-1B4E-4567-8E1D-89DE1F325CF6}.Release|Any CPU.ActiveCfg = Release|Any CPU
		{8C970732-1B4E-4567-8E1D-89DE1F325CF6}.Release|Any CPU.Build.0 = Release|Any CPU
		{359074E4-D791-445D-BC8B-D4071165B824}.Debug|Any CPU.ActiveCfg = Debug|Any CPU
		{359074E4-D791-445D-BC8B-D4071165B824}.Debug|Any CPU.Build.0 = Debug|Any CPU
		{359074E4-D791-445D-BC8B-D4071165B824}.Release|Any CPU.ActiveCfg = Release|Any CPU
		{359074E4-D791-445D-BC8B-D4071165B824}.Release|Any CPU.Build.0 = Release|Any CPU
		{99897E0C-7BAF-4F58-BFD4-847608AA3D49}.Debug|Any CPU.ActiveCfg = Debug|Any CPU
		{99897E0C-7BAF-4F58-BFD4-847608AA3D49}.Debug|Any CPU.Build.0 = Debug|Any CPU
		{99897E0C-7BAF-4F58-BFD4-847608AA3D49}.Release|Any CPU.ActiveCfg = Release|Any CPU
		{99897E0C-7BAF-4F58-BFD4-847608AA3D49}.Release|Any CPU.Build.0 = Release|Any CPU
		{DAEAEDD7-1074-4D7C-9F13-E2B1FBCDA845}.Debug|Any CPU.ActiveCfg = Debug|Any CPU
		{DAEAEDD7-1074-4D7C-9F13-E2B1FBCDA845}.Debug|Any CPU.Build.0 = Debug|Any CPU
		{DAEAEDD7-1074-4D7C-9F13-E2B1FBCDA845}.Release|Any CPU.ActiveCfg = Release|Any CPU
		{DAEAEDD7-1074-4D7C-9F13-E2B1FBCDA845}.Release|Any CPU.Build.0 = Release|Any CPU
		{C888D24A-8590-4B2E-97BF-BB0825A41375}.Debug|Any CPU.ActiveCfg = Debug|Any CPU
		{C888D24A-8590-4B2E-97BF-BB0825A41375}.Debug|Any CPU.Build.0 = Debug|Any CPU
		{C888D24A-8590-4B2E-97BF-BB0825A41375}.Release|Any CPU.ActiveCfg = Release|Any CPU
		{C888D24A-8590-4B2E-97BF-BB0825A41375}.Release|Any CPU.Build.0 = Release|Any CPU
		{DCF8173B-B51A-4C07-957A-4C3C78272ED4}.Debug|Any CPU.ActiveCfg = Debug|Any CPU
		{DCF8173B-B51A-4C07-957A-4C3C78272ED4}.Debug|Any CPU.Build.0 = Debug|Any CPU
		{DCF8173B-B51A-4C07-957A-4C3C78272ED4}.Release|Any CPU.ActiveCfg = Release|Any CPU
		{DCF8173B-B51A-4C07-957A-4C3C78272ED4}.Release|Any CPU.Build.0 = Release|Any CPU
		{95F3AA52-522C-4D6C-B4E9-C4DA0CCD5287}.Debug|Any CPU.ActiveCfg = Debug|Any CPU
		{95F3AA52-522C-4D6C-B4E9-C4DA0CCD5287}.Debug|Any CPU.Build.0 = Debug|Any CPU
		{95F3AA52-522C-4D6C-B4E9-C4DA0CCD5287}.Release|Any CPU.ActiveCfg = Release|Any CPU
		{95F3AA52-522C-4D6C-B4E9-C4DA0CCD5287}.Release|Any CPU.Build.0 = Release|Any CPU
		{74FB1A27-12BF-48E6-BB3D-5AAFF71C9C23}.Debug|Any CPU.ActiveCfg = Debug|Any CPU
		{74FB1A27-12BF-48E6-BB3D-5AAFF71C9C23}.Debug|Any CPU.Build.0 = Debug|Any CPU
		{74FB1A27-12BF-48E6-BB3D-5AAFF71C9C23}.Release|Any CPU.ActiveCfg = Release|Any CPU
		{74FB1A27-12BF-48E6-BB3D-5AAFF71C9C23}.Release|Any CPU.Build.0 = Release|Any CPU
		{F6D72168-0448-4F6C-B7A6-C8C5C6B6232C}.Debug|Any CPU.ActiveCfg = Debug|Any CPU
		{F6D72168-0448-4F6C-B7A6-C8C5C6B6232C}.Debug|Any CPU.Build.0 = Debug|Any CPU
		{F6D72168-0448-4F6C-B7A6-C8C5C6B6232C}.Release|Any CPU.ActiveCfg = Release|Any CPU
		{F6D72168-0448-4F6C-B7A6-C8C5C6B6232C}.Release|Any CPU.Build.0 = Release|Any CPU
		{9A12FC63-1F65-422A-81C8-B0C3E6A38E6D}.Debug|Any CPU.ActiveCfg = Debug|Any CPU
		{9A12FC63-1F65-422A-81C8-B0C3E6A38E6D}.Debug|Any CPU.Build.0 = Debug|Any CPU
		{9A12FC63-1F65-422A-81C8-B0C3E6A38E6D}.Release|Any CPU.ActiveCfg = Release|Any CPU
		{9A12FC63-1F65-422A-81C8-B0C3E6A38E6D}.Release|Any CPU.Build.0 = Release|Any CPU
		{3605F9C8-677B-4E1A-88D8-ADD38FF8AB39}.Debug|Any CPU.ActiveCfg = Debug|Any CPU
		{3605F9C8-677B-4E1A-88D8-ADD38FF8AB39}.Debug|Any CPU.Build.0 = Debug|Any CPU
		{3605F9C8-677B-4E1A-88D8-ADD38FF8AB39}.Release|Any CPU.ActiveCfg = Release|Any CPU
		{3605F9C8-677B-4E1A-88D8-ADD38FF8AB39}.Release|Any CPU.Build.0 = Release|Any CPU
		{88E345DE-2A42-410B-AAFD-783D8A8AE5C8}.Debug|Any CPU.ActiveCfg = Debug|Any CPU
		{88E345DE-2A42-410B-AAFD-783D8A8AE5C8}.Debug|Any CPU.Build.0 = Debug|Any CPU
		{88E345DE-2A42-410B-AAFD-783D8A8AE5C8}.Release|Any CPU.ActiveCfg = Release|Any CPU
		{88E345DE-2A42-410B-AAFD-783D8A8AE5C8}.Release|Any CPU.Build.0 = Release|Any CPU
	EndGlobalSection
	GlobalSection(SolutionProperties) = preSolution
		HideSolutionNode = FALSE
	EndGlobalSection
	GlobalSection(NestedProjects) = preSolution
		{C792F390-5512-47CE-AE05-B8E9AD3B5971} = {79FA17AC-010E-4A3E-9551-DD2B5FCC4D53}
		{F0FE022E-7303-40FE-9E28-24426AC23F8F} = {C792F390-5512-47CE-AE05-B8E9AD3B5971}
		{F5AE6E42-E441-41A1-8DF2-87274D5B0496} = {C792F390-5512-47CE-AE05-B8E9AD3B5971}
		{98DB3DA2-C749-4EE6-9D4E-ACACCA33D867} = {C792F390-5512-47CE-AE05-B8E9AD3B5971}
		{EB7D4F93-EF02-4FEC-ADD0-FE588549D9FA} = {2C113F78-B255-48D8-B7A1-7F49D0D1B3FA}
		{C3904639-3E8D-470C-A306-7A26485A427F} = {2C113F78-B255-48D8-B7A1-7F49D0D1B3FA}
		{14C28FF4-C431-47D5-A61E-631F13A810D1} = {2C113F78-B255-48D8-B7A1-7F49D0D1B3FA}
		{DD6CB8CE-BEBD-4260-BEF4-AF97C75DCC65} = {3678A925-3E1F-4804-BBC5-B3583798C3AD}
		{A44D665A-7EFD-4BDC-A25D-DD0D1602FC1C} = {2C113F78-B255-48D8-B7A1-7F49D0D1B3FA}
		{980BDF0C-C8C6-4E40-A9C1-B3627A1A605E} = {79FA17AC-010E-4A3E-9551-DD2B5FCC4D53}
		{3DF127F5-6222-4604-8302-0FD77916E034} = {79FA17AC-010E-4A3E-9551-DD2B5FCC4D53}
		{243A77B9-8892-4401-85B6-45C05CC0F712} = {980BDF0C-C8C6-4E40-A9C1-B3627A1A605E}
		{0BE08A8A-D8A9-4858-BEFF-B921FCEF26B3} = {980BDF0C-C8C6-4E40-A9C1-B3627A1A605E}
		{17A49EBD-94C7-4B08-8B31-BF2A879AC565} = {980BDF0C-C8C6-4E40-A9C1-B3627A1A605E}
		{2D3F048C-D406-4379-B1D5-752AD172A03E} = {3DF127F5-6222-4604-8302-0FD77916E034}
		{49027DE0-3DA2-4BF3-B2AF-89C9355C6202} = {3DF127F5-6222-4604-8302-0FD77916E034}
		{D76CF7A5-AF9F-440C-952C-35385833896C} = {3DF127F5-6222-4604-8302-0FD77916E034}
		{6A8E47B1-4350-470E-81D2-719AB4A81A26} = {129A31C2-F05B-4343-92C6-152BE1E1E9AB}
		{36084680-AB2C-4014-A797-CA8027055947} = {129A31C2-F05B-4343-92C6-152BE1E1E9AB}
		{7D6B5EC0-ECC1-4D26-89B3-2B9B1370F96B} = {2C113F78-B255-48D8-B7A1-7F49D0D1B3FA}
		{E5193D6F-DE8B-4A77-893B-AF8AD927B5CB} = {C792F390-5512-47CE-AE05-B8E9AD3B5971}
		{687095B0-0B8D-4E3F-B58D-7871947F727E} = {6379AE68-BFB9-4B63-BF40-E7D94B582EE3}
		{C3AA14A7-5073-4CAB-BE45-04BAE07D5769} = {6379AE68-BFB9-4B63-BF40-E7D94B582EE3}
		{6379AE68-BFB9-4B63-BF40-E7D94B582EE3} = {2C113F78-B255-48D8-B7A1-7F49D0D1B3FA}
		{A87D0C16-58A2-417D-8A59-0B437EA6912E} = {6379AE68-BFB9-4B63-BF40-E7D94B582EE3}
		{91F31705-430D-4BD8-833F-CA864058E699} = {79FA17AC-010E-4A3E-9551-DD2B5FCC4D53}
		{C827EC9F-782B-4170-A75B-A3BD0900D013} = {2C113F78-B255-48D8-B7A1-7F49D0D1B3FA}
		{6672200A-3199-41D8-8E4E-A4C207356F93} = {07709955-8E3A-4D9D-A5AB-4D647C4BFD40}
		{07709955-8E3A-4D9D-A5AB-4D647C4BFD40} = {2C113F78-B255-48D8-B7A1-7F49D0D1B3FA}
		{D034D277-FF96-4AF4-AC1D-D0A5DDBEA261} = {07709955-8E3A-4D9D-A5AB-4D647C4BFD40}
		{F566F588-FF1B-41AD-AA9F-2F705237DAA2} = {79FA17AC-010E-4A3E-9551-DD2B5FCC4D53}
		{DB2B6480-56C6-44D8-8D66-E006BE83C20A} = {F566F588-FF1B-41AD-AA9F-2F705237DAA2}
		{DF574C4A-CC78-4311-9268-B8F5CDB62D93} = {F566F588-FF1B-41AD-AA9F-2F705237DAA2}
		{17400F24-1FAF-44E9-846A-F0F79142539C} = {F566F588-FF1B-41AD-AA9F-2F705237DAA2}
		{0935EC7E-4AFE-41BA-912E-AEFB5D65451A} = {91F31705-430D-4BD8-833F-CA864058E699}
		{2A4CF8B9-8B08-46BE-ACB1-37D93B83AF04} = {91F31705-430D-4BD8-833F-CA864058E699}
		{F4EB1B5E-6EB1-4482-8AF6-C91A274B601C} = {91F31705-430D-4BD8-833F-CA864058E699}
		{129A31C2-F05B-4343-92C6-152BE1E1E9AB} = {2C113F78-B255-48D8-B7A1-7F49D0D1B3FA}
		{245D8964-1E1A-43AF-9339-7B99CB02C7F5} = {2C113F78-B255-48D8-B7A1-7F49D0D1B3FA}
		{D9C871C0-93C1-45F2-A293-10AB70850CA0} = {2C113F78-B255-48D8-B7A1-7F49D0D1B3FA}
		{07CCFE49-AFBB-4200-84E2-DB6385312797} = {79FA17AC-010E-4A3E-9551-DD2B5FCC4D53}
		{828B7641-68E9-4A4E-98EA-7F323D5523B3} = {91F31705-430D-4BD8-833F-CA864058E699}
		{356869D5-6118-4D6B-915A-A401470DB776} = {07CCFE49-AFBB-4200-84E2-DB6385312797}
		{07D7E697-A5DB-46F6-B9A0-58E96708CA3B} = {07CCFE49-AFBB-4200-84E2-DB6385312797}
		{7FFA22EF-B168-4B82-A8C8-3F08C5F2141E} = {07CCFE49-AFBB-4200-84E2-DB6385312797}
		{B89D4D2B-1E81-4FBD-A86A-B63B8A134A94} = {2C113F78-B255-48D8-B7A1-7F49D0D1B3FA}
		{92989056-D5FD-4F06-84BE-CAC9D9A006F4} = {79FA17AC-010E-4A3E-9551-DD2B5FCC4D53}
		{385731CE-423E-4F72-B66B-C53D4B0B5C01} = {92989056-D5FD-4F06-84BE-CAC9D9A006F4}
		{A9FFA7D0-16A7-4F37-83A6-49D31DF2791F} = {92989056-D5FD-4F06-84BE-CAC9D9A006F4}
		{849F46F9-826D-4314-9D3D-913FC77CF51A} = {92989056-D5FD-4F06-84BE-CAC9D9A006F4}
		{5A1E864B-356C-4895-B41D-C58AD3C03824} = {91F31705-430D-4BD8-833F-CA864058E699}
		{CD975121-2A5C-487A-9DE0-87E7D531427F} = {2C113F78-B255-48D8-B7A1-7F49D0D1B3FA}
		{50B914F5-DABC-4123-B328-6BD801EB9F4D} = {2C113F78-B255-48D8-B7A1-7F49D0D1B3FA}
		{BF949F07-3FF4-4999-AE73-8C6CC819D9CD} = {CD975121-2A5C-487A-9DE0-87E7D531427F}
		{753B74E1-E0A8-45EF-A371-69C8015CF276} = {91F31705-430D-4BD8-833F-CA864058E699}
		{209B3B0A-46F0-4E7D-B93B-0A1130068E55} = {2C113F78-B255-48D8-B7A1-7F49D0D1B3FA}
		{8C970732-1B4E-4567-8E1D-89DE1F325CF6} = {2C113F78-B255-48D8-B7A1-7F49D0D1B3FA}
		{359074E4-D791-445D-BC8B-D4071165B824} = {2C113F78-B255-48D8-B7A1-7F49D0D1B3FA}
		{DAEAEDD7-1074-4D7C-9F13-E2B1FBCDA845} = {2C113F78-B255-48D8-B7A1-7F49D0D1B3FA}
		{99897E0C-7BAF-4F58-BFD4-847608AA3D49} = {CD975121-2A5C-487A-9DE0-87E7D531427F}
		{C888D24A-8590-4B2E-97BF-BB0825A41375} = {2C113F78-B255-48D8-B7A1-7F49D0D1B3FA}
		{DCF8173B-B51A-4C07-957A-4C3C78272ED4} = {2C113F78-B255-48D8-B7A1-7F49D0D1B3FA}
		{95F3AA52-522C-4D6C-B4E9-C4DA0CCD5287} = {2C113F78-B255-48D8-B7A1-7F49D0D1B3FA}
		{74FB1A27-12BF-48E6-BB3D-5AAFF71C9C23} = {815B4096-EF4C-4ED9-AC18-B934BD013D9F}
		{F6D72168-0448-4F6C-B7A6-C8C5C6B6232C} = {815B4096-EF4C-4ED9-AC18-B934BD013D9F}
		{8C5A8C88-A6F2-42E4-A3BA-4059C73B4DC2} = {79FA17AC-010E-4A3E-9551-DD2B5FCC4D53}
		{9A12FC63-1F65-422A-81C8-B0C3E6A38E6D} = {8C5A8C88-A6F2-42E4-A3BA-4059C73B4DC2}
		{3605F9C8-677B-4E1A-88D8-ADD38FF8AB39} = {8C5A8C88-A6F2-42E4-A3BA-4059C73B4DC2}
		{88E345DE-2A42-410B-AAFD-783D8A8AE5C8} = {8C5A8C88-A6F2-42E4-A3BA-4059C73B4DC2}
	EndGlobalSection
	GlobalSection(ExtensibilityGlobals) = postSolution
		SolutionGuid = {7313026A-437D-41C9-8209-08C680613E3A}
	EndGlobalSection
	GlobalSection(Performance) = preSolution
		HasPerformanceSessions = true
	EndGlobalSection
EndGlobal
